
Microsoft Visual Studio Solution File, Format Version 12.00
# Visual Studio Version 17
VisualStudioVersion = 17.0.32014.148
MinimumVisualStudioVersion = 10.0.40219.1
Project("{FAE04EC0-301F-11D3-BF4B-00C04F79EFBC}") = "Delivery", "Delivery\Delivery.csproj", "{12E6A194-38BB-4DBF-A88B-CE42238E07DE}"
EndProject
Project("{FAE04EC0-301F-11D3-BF4B-00C04F79EFBC}") = "AuthorizationLib", "AuthorizationLib\AuthorizationLib.csproj", "{CC2BD5BE-9975-485E-8AFC-FF3465F3B665}"
EndProject
Global
	GlobalSection(SolutionConfigurationPlatforms) = preSolution
		Debug|Any CPU = Debug|Any CPU
		Release|Any CPU = Release|Any CPU
	EndGlobalSection
	GlobalSection(ProjectConfigurationPlatforms) = postSolution
		{12E6A194-38BB-4DBF-A88B-CE42238E07DE}.Debug|Any CPU.ActiveCfg = Debug|Any CPU
		{12E6A194-38BB-4DBF-A88B-CE42238E07DE}.Debug|Any CPU.Build.0 = Debug|Any CPU
		{12E6A194-38BB-4DBF-A88B-CE42238E07DE}.Release|Any CPU.ActiveCfg = Release|Any CPU
		{12E6A194-38BB-4DBF-A88B-CE42238E07DE}.Release|Any CPU.Build.0 = Release|Any CPU
		{CC2BD5BE-9975-485E-8AFC-FF3465F3B665}.Debug|Any CPU.ActiveCfg = Debug|Any CPU
		{CC2BD5BE-9975-485E-8AFC-FF3465F3B665}.Debug|Any CPU.Build.0 = Debug|Any CPU
		{CC2BD5BE-9975-485E-8AFC-FF3465F3B665}.Release|Any CPU.ActiveCfg = Release|Any CPU
		{CC2BD5BE-9975-485E-8AFC-FF3465F3B665}.Release|Any CPU.Build.0 = Release|Any CPU
	EndGlobalSection
	GlobalSection(SolutionProperties) = preSolution
		HideSolutionNode = FALSE
	EndGlobalSection
	GlobalSection(ExtensibilityGlobals) = postSolution
		SolutionGuid = {BB377F6F-56EF-4067-AEC8-F6D186B52F55}
	EndGlobalSection
EndGlobal
